{
  "name": "Digital_Menu_AdminPage",
  "lockfileVersion": 3,
  "requires": true,
  "packages": {
    "": {
      "dependencies": {
        "fuse.js": "^7.4.2"
      }
    },
    "node_modules/fuse.js": {
      "version": "7.4.2",
      "resolved": "https://registry.npmjs.org/fuse.js/-/fuse.js-7.4.2.tgz",
      "integrity": "sha512-LVbzjD4WA6UP5B1UnP8wuaXJiLnqMdM/E4fiJXTJ5haJ5b/MBNsK29h2fm6swEoQaVQjvYFWKLE2RanyZIoRVQ==",
      "license": "Apache-2.0",
      "engines": {
        "node": ">=10"
      },
      "funding": {
        "type": "github",
        "url": "https://github.com/sponsors/krisk"
      }
    }
  }
}
